
Microsoft Visual Studio Solution File, Format Version 12.00
# Visual Studio 15
VisualStudioVersion = 15.0.28307.421
MinimumVisualStudioVersion = 10.0.40219.1
Project("{FAE04EC0-301F-11D3-BF4B-00C04F79EFBC}") = "CarBooking", "CarBooking\CarBooking.csproj", "{2F096FD1-BB23-4DC1-9349-E7ECFBD89301}"
EndProject
Global
	GlobalSection(SolutionConfigurationPlatforms) = preSolution
		Debug|Any CPU = Debug|Any CPU
		Release|Any CPU = Release|Any CPU
	EndGlobalSection
	GlobalSection(ProjectConfigurationPlatforms) = postSolution
		{2F096FD1-BB23-4DC1-9349-E7ECFBD89301}.Debug|Any CPU.ActiveCfg = Debug|Any CPU
		{2F096FD1-BB23-4DC1-9349-E7ECFBD89301}.Debug|Any CPU.Build.0 = Debug|Any CPU
		{2F096FD1-BB23-4DC1-9349-E7ECFBD89301}.Release|Any CPU.ActiveCfg = Release|Any CPU
		{2F096FD1-BB23-4DC1-9349-E7ECFBD89301}.Release|Any CPU.Build.0 = Release|Any CPU
	EndGlobalSection
	GlobalSection(SolutionProperties) = preSolution
		HideSolutionNode = FALSE
	EndGlobalSection
	GlobalSection(ExtensibilityGlobals) = postSolution
		SolutionGuid = {94CE1E7A-4136-4E46-B2BE-3C9E1AB6CCD8}
	EndGlobalSection
EndGlobal
