
Microsoft Visual Studio Solution File, Format Version 12.00
# Visual Studio 15
VisualStudioVersion = 15.0.28307.421
MinimumVisualStudioVersion = 10.0.40219.1
Project("{FAE04EC0-301F-11D3-BF4B-00C04F79EFBC}") = "CarBooking.DAL", "CarBooking.DAL\CarBooking.DAL.csproj", "{23A6404A-68C3-4C3F-8344-250F8CD5DA5D}"
EndProject
Project("{FAE04EC0-301F-11D3-BF4B-00C04F79EFBC}") = "CarBooking.WEB", "CarBooking.WEB\CarBooking.WEB.csproj", "{23233171-B836-47E7-A807-F4FA1C972775}"
EndProject
Global
	GlobalSection(SolutionConfigurationPlatforms) = preSolution
		Debug|Any CPU = Debug|Any CPU
		Release|Any CPU = Release|Any CPU
	EndGlobalSection
	GlobalSection(ProjectConfigurationPlatforms) = postSolution
		{23A6404A-68C3-4C3F-8344-250F8CD5DA5D}.Debug|Any CPU.ActiveCfg = Debug|Any CPU
		{23A6404A-68C3-4C3F-8344-250F8CD5DA5D}.Debug|Any CPU.Build.0 = Debug|Any CPU
		{23A6404A-68C3-4C3F-8344-250F8CD5DA5D}.Release|Any CPU.ActiveCfg = Release|Any CPU
		{23A6404A-68C3-4C3F-8344-250F8CD5DA5D}.Release|Any CPU.Build.0 = Release|Any CPU
		{23233171-B836-47E7-A807-F4FA1C972775}.Debug|Any CPU.ActiveCfg = Debug|Any CPU
		{23233171-B836-47E7-A807-F4FA1C972775}.Debug|Any CPU.Build.0 = Debug|Any CPU
		{23233171-B836-47E7-A807-F4FA1C972775}.Release|Any CPU.ActiveCfg = Release|Any CPU
		{23233171-B836-47E7-A807-F4FA1C972775}.Release|Any CPU.Build.0 = Release|Any CPU
	EndGlobalSection
	GlobalSection(SolutionProperties) = preSolution
		HideSolutionNode = FALSE
	EndGlobalSection
	GlobalSection(ExtensibilityGlobals) = postSolution
		SolutionGuid = {94CE1E7A-4136-4E46-B2BE-3C9E1AB6CCD8}
	EndGlobalSection
EndGlobal
